
Microsoft Visual Studio Solution File, Format Version 12.00
# Visual Studio Version 17
VisualStudioVersion = 17.1.32414.318
MinimumVisualStudioVersion = 10.0.40219.1
Project("{FAE04EC0-301F-11D3-BF4B-00C04F79EFBC}") = "Pico Placa Predictor", "Pico Placa Predictor.csproj", "{24557451-C0B4-4722-8648-5D4266DCBEAD}"
EndProject
Global
	GlobalSection(SolutionConfigurationPlatforms) = preSolution
		Debug|Any CPU = Debug|Any CPU
		Release|Any CPU = Release|Any CPU
	EndGlobalSection
	GlobalSection(ProjectConfigurationPlatforms) = postSolution
		{24557451-C0B4-4722-8648-5D4266DCBEAD}.Debug|Any CPU.ActiveCfg = Debug|Any CPU
		{24557451-C0B4-4722-8648-5D4266DCBEAD}.Debug|Any CPU.Build.0 = Debug|Any CPU
		{24557451-C0B4-4722-8648-5D4266DCBEAD}.Release|Any CPU.ActiveCfg = Release|Any CPU
		{24557451-C0B4-4722-8648-5D4266DCBEAD}.Release|Any CPU.Build.0 = Release|Any CPU
	EndGlobalSection
	GlobalSection(SolutionProperties) = preSolution
		HideSolutionNode = FALSE
	EndGlobalSection
	GlobalSection(ExtensibilityGlobals) = postSolution
		SolutionGuid = {7F06B537-C2E6-4255-8D72-7007781C273A}
	EndGlobalSection
EndGlobal
